// !$*UTF8*$!
{
	archiveVersion = 1;
	classes = {
	};
	objectVersion = 56;
	objects = {

/* Begin PBXBuildFile section */
		1158E7269FCACC1300CF4F0C /* Pods_chatApp.framework in Frameworks */ = {isa = PBXBuildFile; fileRef = B40EB10EBE1AE224B3590FC4 /* Pods_chatApp.framework */; };
		B7BAB1C32AADE1C900D50D9C /* AppDelegate.swift in Sources */ = {isa = PBXBuildFile; fileRef = B7BAB1C22AADE1C900D50D9C /* AppDelegate.swift */; };
		B7BAB1C52AADE1C900D50D9C /* SceneDelegate.swift in Sources */ = {isa = PBXBuildFile; fileRef = B7BAB1C42AADE1C900D50D9C /* SceneDelegate.swift */; };
		B7BAB1C72AADE1C900D50D9C /* ViewController.swift in Sources */ = {isa = PBXBuildFile; fileRef = B7BAB1C62AADE1C900D50D9C /* ViewController.swift */; };
		B7BAB1CA2AADE1C900D50D9C /* Main.storyboard in Resources */ = {isa = PBXBuildFile; fileRef = B7BAB1C82AADE1C900D50D9C /* Main.storyboard */; };
		B7BAB1CC2AADE1D200D50D9C /* Assets.xcassets in Resources */ = {isa = PBXBuildFile; fileRef = B7BAB1CB2AADE1D200D50D9C /* Assets.xcassets */; };
		B7BAB1CF2AADE1D200D50D9C /* LaunchScreen.storyboard in Resources */ = {isa = PBXBuildFile; fileRef = B7BAB1CD2AADE1D200D50D9C /* LaunchScreen.storyboard */; };
		B7BAB1D72AAEB2A900D50D9C /* GoogleService-Info.plist in Resources */ = {isa = PBXBuildFile; fileRef = B7BAB1D62AAEB2A900D50D9C /* GoogleService-Info.plist */; };
		B7BAB1D92AAEFA3C00D50D9C /* AuthHelper.swift in Sources */ = {isa = PBXBuildFile; fileRef = B7BAB1D82AAEFA3B00D50D9C /* AuthHelper.swift */; };
		B7BAB1DE2AAEFF4E00D50D9C /* CreateAccountView.swift in Sources */ = {isa = PBXBuildFile; fileRef = B7BAB1DD2AAEFF4E00D50D9C /* CreateAccountView.swift */; };
		B7BAB1E02AAFF1F200D50D9C /* LoginView.swift in Sources */ = {isa = PBXBuildFile; fileRef = B7BAB1DF2AAFF1F200D50D9C /* LoginView.swift */; };
/* End PBXBuildFile section */

/* Begin PBXFileReference section */
		401B7ABF2006A85A1BABFF7D /* Pods-chatApp.debug.xcconfig */ = {isa = PBXFileReference; includeInIndex = 1; lastKnownFileType = text.xcconfig; name = "Pods-chatApp.debug.xcconfig"; path = "Target Support Files/Pods-chatApp/Pods-chatApp.debug.xcconfig"; sourceTree = "<group>"; };
		B40EB10EBE1AE224B3590FC4 /* Pods_chatApp.framework */ = {isa = PBXFileReference; explicitFileType = wrapper.framework; includeInIndex = 0; path = Pods_chatApp.framework; sourceTree = BUILT_PRODUCTS_DIR; };
		B7BAB1BF2AADE1C900D50D9C /* chatApp.app */ = {isa = PBXFileReference; explicitFileType = wrapper.application; includeInIndex = 0; path = chatApp.app; sourceTree = BUILT_PRODUCTS_DIR; };
		B7BAB1C22AADE1C900D50D9C /* AppDelegate.swift */ = {isa = PBXFileReference; lastKnownFileType = sourcecode.swift; path = AppDelegate.swift; sourceTree = "<group>"; };
		B7BAB1C42AADE1C900D50D9C /* SceneDelegate.swift */ = {isa = PBXFileReference; lastKnownFileType = sourcecode.swift; path = SceneDelegate.swift; sourceTree = "<group>"; };
		B7BAB1C62AADE1C900D50D9C /* ViewController.swift */ = {isa = PBXFileReference; lastKnownFileType = sourcecode.swift; path = ViewController.swift; sourceTree = "<group>"; };
		B7BAB1C92AADE1C900D50D9C /* Base */ = {isa = PBXFileReference; lastKnownFileType = file.storyboard; name = Base; path = Base.lproj/Main.storyboard; sourceTree = "<group>"; };
		B7BAB1CB2AADE1D200D50D9C /* Assets.xcassets */ = {isa = PBXFileReference; lastKnownFileType = folder.assetcatalog; path = Assets.xcassets; sourceTree = "<group>"; };
		B7BAB1CE2AADE1D200D50D9C /* Base */ = {isa = PBXFileReference; lastKnownFileType = file.storyboard; name = Base; path = Base.lproj/LaunchScreen.storyboard; sourceTree = "<group>"; };
		B7BAB1D02AADE1D200D50D9C /* Info.plist */ = {isa = PBXFileReference; lastKnownFileType = text.plist.xml; path = Info.plist; sourceTree = "<group>"; };
		B7BAB1D62AAEB2A900D50D9C /* GoogleService-Info.plist */ = {isa = PBXFileReference; fileEncoding = 4; lastKnownFileType = text.plist.xml; path = "GoogleService-Info.plist"; sourceTree = "<group>"; };
		B7BAB1D82AAEFA3B00D50D9C /* AuthHelper.swift */ = {isa = PBXFileReference; lastKnownFileType = sourcecode.swift; path = AuthHelper.swift; sourceTree = "<group>"; };
		B7BAB1DD2AAEFF4E00D50D9C /* CreateAccountView.swift */ = {isa = PBXFileReference; lastKnownFileType = sourcecode.swift; path = CreateAccountView.swift; sourceTree = "<group>"; };
		B7BAB1DF2AAFF1F200D50D9C /* LoginView.swift */ = {isa = PBXFileReference; lastKnownFileType = sourcecode.swift; path = LoginView.swift; sourceTree = "<group>"; };
		D759182F0343EAAA093662C8 /* Pods-chatApp.release.xcconfig */ = {isa = PBXFileReference; includeInIndex = 1; lastKnownFileType = text.xcconfig; name = "Pods-chatApp.release.xcconfig"; path = "Target Support Files/Pods-chatApp/Pods-chatApp.release.xcconfig"; sourceTree = "<group>"; };
/* End PBXFileReference section */

/* Begin PBXFrameworksBuildPhase section */
		B7BAB1BC2AADE1C900D50D9C /* Frameworks */ = {
			isa = PBXFrameworksBuildPhase;
			buildActionMask = 2147483647;
			files = (
				1158E7269FCACC1300CF4F0C /* Pods_chatApp.framework in Frameworks */,
			);
			runOnlyForDeploymentPostprocessing = 0;
		};
/* End PBXFrameworksBuildPhase section */

/* Begin PBXGroup section */
		9FEBBBAEE3FB66447625C3A4 /* Pods */ = {
			isa = PBXGroup;
			children = (
				401B7ABF2006A85A1BABFF7D /* Pods-chatApp.debug.xcconfig */,
				D759182F0343EAAA093662C8 /* Pods-chatApp.release.xcconfig */,
			);
			path = Pods;
			sourceTree = "<group>";
		};
		A545BBB4F75A20F94997E315 /* Frameworks */ = {
			isa = PBXGroup;
			children = (
				B40EB10EBE1AE224B3590FC4 /* Pods_chatApp.framework */,
			);
			name = Frameworks;
			sourceTree = "<group>";
		};
		B7BAB1B62AADE1C800D50D9C = {
			isa = PBXGroup;
			children = (
				B7BAB1C12AADE1C900D50D9C /* chatApp */,
				B7BAB1C02AADE1C900D50D9C /* Products */,
				9FEBBBAEE3FB66447625C3A4 /* Pods */,
				A545BBB4F75A20F94997E315 /* Frameworks */,
			);
			sourceTree = "<group>";
		};
		B7BAB1C02AADE1C900D50D9C /* Products */ = {
			isa = PBXGroup;
			children = (
				B7BAB1BF2AADE1C900D50D9C /* chatApp.app */,
			);
			name = Products;
			sourceTree = "<group>";
		};
		B7BAB1C12AADE1C900D50D9C /* chatApp */ = {
			isa = PBXGroup;
			children = (
				B7BAB1C22AADE1C900D50D9C /* AppDelegate.swift */,
				B7BAB1C42AADE1C900D50D9C /* SceneDelegate.swift */,
				B7BAB1DA2AAEFE6600D50D9C /* Model */,
				B7BAB1DB2AAEFED200D50D9C /* View */,
				B7BAB1DC2AAEFEE600D50D9C /* Controller */,
				B7BAB1D02AADE1D200D50D9C /* Info.plist */,
				B7BAB1D62AAEB2A900D50D9C /* GoogleService-Info.plist */,
			);
			path = chatApp;
			sourceTree = "<group>";
		};
		B7BAB1DA2AAEFE6600D50D9C /* Model */ = {
			isa = PBXGroup;
			children = (
				B7BAB1D82AAEFA3B00D50D9C /* AuthHelper.swift */,
			);
			name = Model;
			sourceTree = "<group>";
		};
		B7BAB1DB2AAEFED200D50D9C /* View */ = {
			isa = PBXGroup;
			children = (
				B7BAB1DD2AAEFF4E00D50D9C /* CreateAccountView.swift */,
				B7BAB1DF2AAFF1F200D50D9C /* LoginView.swift */,
				B7BAB1CD2AADE1D200D50D9C /* LaunchScreen.storyboard */,
				B7BAB1C82AADE1C900D50D9C /* Main.storyboard */,
				B7BAB1CB2AADE1D200D50D9C /* Assets.xcassets */,
			);
			name = View;
			sourceTree = "<group>";
		};
		B7BAB1DC2AAEFEE600D50D9C /* Controller */ = {
			isa = PBXGroup;
			children = (
				B7BAB1C62AADE1C900D50D9C /* ViewController.swift */,
			);
			name = Controller;
			sourceTree = "<group>";
		};
/* End PBXGroup section */

/* Begin PBXNativeTarget section */
		B7BAB1BE2AADE1C900D50D9C /* chatApp */ = {
			isa = PBXNativeTarget;
			buildConfigurationList = B7BAB1D32AADE1D200D50D9C /* Build configuration list for PBXNativeTarget "chatApp" */;
			buildPhases = (
				9EADC19612F1E4B628429465 /* [CP] Check Pods Manifest.lock */,
				B7BAB1BB2AADE1C900D50D9C /* Sources */,
				B7BAB1BC2AADE1C900D50D9C /* Frameworks */,
				B7BAB1BD2AADE1C900D50D9C /* Resources */,
				ABD6381DA402315E6688CE04 /* [CP] Embed Pods Frameworks */,
			);
			buildRules = (
			);
			dependencies = (
			);
			name = chatApp;
			productName = chatApp;
			productReference = B7BAB1BF2AADE1C900D50D9C /* chatApp.app */;
			productType = "com.apple.product-type.application";
		};
/* End PBXNativeTarget section */

/* Begin PBXProject section */
		B7BAB1B72AADE1C800D50D9C /* Project object */ = {
			isa = PBXProject;
			attributes = {
				BuildIndependentTargetsInParallel = 1;
				LastSwiftUpdateCheck = 1430;
				LastUpgradeCheck = 1430;
				TargetAttributes = {
					B7BAB1BE2AADE1C900D50D9C = {
						CreatedOnToolsVersion = 14.3.1;
					};
				};
			};
			buildConfigurationList = B7BAB1BA2AADE1C800D50D9C /* Build configuration list for PBXProject "chatApp" */;
			compatibilityVersion = "Xcode 14.0";
			developmentRegion = en;
			hasScannedForEncodings = 0;
			knownRegions = (
				en,
				Base,
			);
			mainGroup = B7BAB1B62AADE1C800D50D9C;
			productRefGroup = B7BAB1C02AADE1C900D50D9C /* Products */;
			projectDirPath = "";
			projectRoot = "";
			targets = (
				B7BAB1BE2AADE1C900D50D9C /* chatApp */,
			);
		};
/* End PBXProject section */

/* Begin PBXResourcesBuildPhase section */
		B7BAB1BD2AADE1C900D50D9C /* Resources */ = {
			isa = PBXResourcesBuildPhase;
			buildActionMask = 2147483647;
			files = (
				B7BAB1CF2AADE1D200D50D9C /* LaunchScreen.storyboard in Resources */,
				B7BAB1D72AAEB2A900D50D9C /* GoogleService-Info.plist in Resources */,
				B7BAB1CC2AADE1D200D50D9C /* Assets.xcassets in Resources */,
				B7BAB1CA2AADE1C900D50D9C /* Main.storyboard in Resources */,
			);
			runOnlyForDeploymentPostprocessing = 0;
		};
/* End PBXResourcesBuildPhase section */

/* Begin PBXShellScriptBuildPhase section */
		9EADC19612F1E4B628429465 /* [CP] Check Pods Manifest.lock */ = {
			isa = PBXShellScriptBuildPhase;
			buildActionMask = 2147483647;
			files = (
			);
			inputFileListPaths = (
			);
			inputPaths = (
				"${PODS_PODFILE_DIR_PATH}/Podfile.lock",
				"${PODS_ROOT}/Manifest.lock",
			);
			name = "[CP] Check Pods Manifest.lock";
			outputFileListPaths = (
			);
			outputPaths = (
				"$(DERIVED_FILE_DIR)/Pods-chatApp-checkManifestLockResult.txt",
			);
			runOnlyForDeploymentPostprocessing = 0;
			shellPath = /bin/sh;
			shellScript = "diff \"${PODS_PODFILE_DIR_PATH}/Podfile.lock\" \"${PODS_ROOT}/Manifest.lock\" > /dev/null\nif [ $? != 0 ] ; then\n    # print error to STDERR\n    echo \"error: The sandbox is not in sync with the Podfile.lock. Run 'pod install' or update your CocoaPods installation.\" >&2\n    exit 1\nfi\n# This output is used by Xcode 'outputs' to avoid re-running this script phase.\necho \"SUCCESS\" > \"${SCRIPT_OUTPUT_FILE_0}\"\n";
			showEnvVarsInLog = 0;
		};
		ABD6381DA402315E6688CE04 /* [CP] Embed Pods Frameworks */ = {
			isa = PBXShellScriptBuildPhase;
			buildActionMask = 2147483647;
			files = (
			);
			inputFileListPaths = (
				"${PODS_ROOT}/Target Support Files/Pods-chatApp/Pods-chatApp-frameworks-${CONFIGURATION}-input-files.xcfilelist",
			);
			name = "[CP] Embed Pods Frameworks";
			outputFileListPaths = (
				"${PODS_ROOT}/Target Support Files/Pods-chatApp/Pods-chatApp-frameworks-${CONFIGURATION}-output-files.xcfilelist",
			);
			runOnlyForDeploymentPostprocessing = 0;
			shellPath = /bin/sh;
			shellScript = "\"${PODS_ROOT}/Target Support Files/Pods-chatApp/Pods-chatApp-frameworks.sh\"\n";
			showEnvVarsInLog = 0;
		};
/* End PBXShellScriptBuildPhase section */

/* Begin PBXSourcesBuildPhase section */
		B7BAB1BB2AADE1C900D50D9C /* Sources */ = {
			isa = PBXSourcesBuildPhase;
			buildActionMask = 2147483647;
			files = (
				B7BAB1E02AAFF1F200D50D9C /* LoginView.swift in Sources */,
				B7BAB1DE2AAEFF4E00D50D9C /* CreateAccountView.swift in Sources */,
				B7BAB1C72AADE1C900D50D9C /* ViewController.swift in Sources */,
				B7BAB1D92AAEFA3C00D50D9C /* AuthHelper.swift in Sources */,
				B7BAB1C32AADE1C900D50D9C /* AppDelegate.swift in Sources */,
				B7BAB1C52AADE1C900D50D9C /* SceneDelegate.swift in Sources */,
			);
			runOnlyForDeploymentPostprocessing = 0;
		};
/* End PBXSourcesBuildPhase section */

/* Begin PBXVariantGroup section */
		B7BAB1C82AADE1C900D50D9C /* Main.storyboard */ = {
			isa = PBXVariantGroup;
			children = (
				B7BAB1C92AADE1C900D50D9C /* Base */,
			);
			name = Main.storyboard;
			sourceTree = "<group>";
		};
		B7BAB1CD2AADE1D200D50D9C /* LaunchScreen.storyboard */ = {
			isa = PBXVariantGroup;
			children = (
				B7BAB1CE2AADE1D200D50D9C /* Base */,
			);
			name = LaunchScreen.storyboard;
			sourceTree = "<group>";
		};
/* End PBXVariantGroup section */

/* Begin XCBuildConfiguration section */
		B7BAB1D12AADE1D200D50D9C /* Debug */ = {
			isa = XCBuildConfiguration;
			buildSettings = {
				ALWAYS_SEARCH_USER_PATHS = NO;
				CLANG_ANALYZER_NONNULL = YES;
				CLANG_ANALYZER_NUMBER_OBJECT_CONVERSION = YES_AGGRESSIVE;
				CLANG_CXX_LANGUAGE_STANDARD = "gnu++20";
				CLANG_ENABLE_MODULES = YES;
				CLANG_ENABLE_OBJC_ARC = YES;
				CLANG_ENABLE_OBJC_WEAK = YES;
				CLANG_WARN_BLOCK_CAPTURE_AUTORELEASING = YES;
				CLANG_WARN_BOOL_CONVERSION = YES;
				CLANG_WARN_COMMA = YES;
				CLANG_WARN_CONSTANT_CONVERSION = YES;
				CLANG_WARN_DEPRECATED_OBJC_IMPLEMENTATIONS = YES;
				CLANG_WARN_DIRECT_OBJC_ISA_USAGE = YES_ERROR;
				CLANG_WARN_DOCUMENTATION_COMMENTS = YES;
				CLANG_WARN_EMPTY_BODY = YES;
				CLANG_WARN_ENUM_CONVERSION = YES;
				CLANG_WARN_INFINITE_RECURSION = YES;
				CLANG_WARN_INT_CONVERSION = YES;
				CLANG_WARN_NON_LITERAL_NULL_CONVERSION = YES;
				CLANG_WARN_OBJC_IMPLICIT_RETAIN_SELF = YES;
				CLANG_WARN_OBJC_LITERAL_CONVERSION = YES;
				CLANG_WARN_OBJC_ROOT_CLASS = YES_ERROR;
				CLANG_WARN_QUOTED_INCLUDE_IN_FRAMEWORK_HEADER = YES;
				CLANG_WARN_RANGE_LOOP_ANALYSIS = YES;
				CLANG_WARN_STRICT_PROTOTYPES = YES;
				CLANG_WARN_SUSPICIOUS_MOVE = YES;
				CLANG_WARN_UNGUARDED_AVAILABILITY = YES_AGGRESSIVE;
				CLANG_WARN_UNREACHABLE_CODE = YES;
				CLANG_WARN__DUPLICATE_METHOD_MATCH = YES;
				COPY_PHASE_STRIP = NO;
				DEBUG_INFORMATION_FORMAT = dwarf;
				ENABLE_STRICT_OBJC_MSGSEND = YES;
				ENABLE_TESTABILITY = YES;
				GCC_C_LANGUAGE_STANDARD = gnu11;
				GCC_DYNAMIC_NO_PIC = NO;
				GCC_NO_COMMON_BLOCKS = YES;
				GCC_OPTIMIZATION_LEVEL = 0;
				GCC_PREPROCESSOR_DEFINITIONS = (
					"DEBUG=1",
					"$(inherited)",
				);
				GCC_WARN_64_TO_32_BIT_CONVERSION = YES;
				GCC_WARN_ABOUT_RETURN_TYPE = YES_ERROR;
				GCC_WARN_UNDECLARED_SELECTOR = YES;
				GCC_WARN_UNINITIALIZED_AUTOS = YES_AGGRESSIVE;
				GCC_WARN_UNUSED_FUNCTION = YES;
				GCC_WARN_UNUSED_VARIABLE = YES;
				IPHONEOS_DEPLOYMENT_TARGET = 16.4;
				MTL_ENABLE_DEBUG_INFO = INCLUDE_SOURCE;
				MTL_FAST_MATH = YES;
				ONLY_ACTIVE_ARCH = YES;
				SDKROOT = iphoneos;
				SWIFT_ACTIVE_COMPILATION_CONDITIONS = DEBUG;
				SWIFT_OPTIMIZATION_LEVEL = "-Onone";
			};
			name = Debug;
		};
		B7BAB1D22AADE1D200D50D9C /* Release */ = {
			isa = XCBuildConfiguration;
			buildSettings = {
				ALWAYS_SEARCH_USER_PATHS = NO;
				CLANG_ANALYZER_NONNULL = YES;
				CLANG_ANALYZER_NUMBER_OBJECT_CONVERSION = YES_AGGRESSIVE;
				CLANG_CXX_LANGUAGE_STANDARD = "gnu++20";
				CLANG_ENABLE_MODULES = YES;
				CLANG_ENABLE_OBJC_ARC = YES;
				CLANG_ENABLE_OBJC_WEAK = YES;
				CLANG_WARN_BLOCK_CAPTURE_AUTORELEASING = YES;
				CLANG_WARN_BOOL_CONVERSION = YES;
				CLANG_WARN_COMMA = YES;
				CLANG_WARN_CONSTANT_CONVERSION = YES;
				CLANG_WARN_DEPRECATED_OBJC_IMPLEMENTATIONS = YES;
				CLANG_WARN_DIRECT_OBJC_ISA_USAGE = YES_ERROR;
				CLANG_WARN_DOCUMENTATION_COMMENTS = YES;
				CLANG_WARN_EMPTY_BODY = YES;
				CLANG_WARN_ENUM_CONVERSION = YES;
				CLANG_WARN_INFINITE_RECURSION = YES;
				CLANG_WARN_INT_CONVERSION = YES;
				CLANG_WARN_NON_LITERAL_NULL_CONVERSION = YES;
				CLANG_WARN_OBJC_IMPLICIT_RETAIN_SELF = YES;
				CLANG_WARN_OBJC_LITERAL_CONVERSION = YES;
				CLANG_WARN_OBJC_ROOT_CLASS = YES_ERROR;
				CLANG_WARN_QUOTED_INCLUDE_IN_FRAMEWORK_HEADER = YES;
				CLANG_WARN_RANGE_LOOP_ANALYSIS = YES;
				CLANG_WARN_STRICT_PROTOTYPES = YES;
				CLANG_WARN_SUSPICIOUS_MOVE = YES;
				CLANG_WARN_UNGUARDED_AVAILABILITY = YES_AGGRESSIVE;
				CLANG_WARN_UNREACHABLE_CODE = YES;
				CLANG_WARN__DUPLICATE_METHOD_MATCH = YES;
				COPY_PHASE_STRIP = NO;
				DEBUG_INFORMATION_FORMAT = "dwarf-with-dsym";
				ENABLE_NS_ASSERTIONS = NO;
				ENABLE_STRICT_OBJC_MSGSEND = YES;
				GCC_C_LANGUAGE_STANDARD = gnu11;
				GCC_NO_COMMON_BLOCKS = YES;
				GCC_WARN_64_TO_32_BIT_CONVERSION = YES;
				GCC_WARN_ABOUT_RETURN_TYPE = YES_ERROR;
				GCC_WARN_UNDECLARED_SELECTOR = YES;
				GCC_WARN_UNINITIALIZED_AUTOS = YES_AGGRESSIVE;
				GCC_WARN_UNUSED_FUNCTION = YES;
				GCC_WARN_UNUSED_VARIABLE = YES;
				IPHONEOS_DEPLOYMENT_TARGET = 16.4;
				MTL_ENABLE_DEBUG_INFO = NO;
				MTL_FAST_MATH = YES;
				SDKROOT = iphoneos;
				SWIFT_COMPILATION_MODE = wholemodule;
				SWIFT_OPTIMIZATION_LEVEL = "-O";
				VALIDATE_PRODUCT = YES;
			};
			name = Release;
		};
		B7BAB1D42AADE1D200D50D9C /* Debug */ = {
			isa = XCBuildConfiguration;
			baseConfigurationReference = 401B7ABF2006A85A1BABFF7D /* Pods-chatApp.debug.xcconfig */;
			buildSettings = {
				ASSETCATALOG_COMPILER_APPICON_NAME = AppIcon;
				ASSETCATALOG_COMPILER_GLOBAL_ACCENT_COLOR_NAME = AccentColor;
				CODE_SIGN_STYLE = Automatic;
				CURRENT_PROJECT_VERSION = 1;
				DEVELOPMENT_TEAM = FJVWD9ZV84;
				GENERATE_INFOPLIST_FILE = YES;
				INFOPLIST_FILE = chatApp/Info.plist;
				INFOPLIST_KEY_UIApplicationSupportsIndirectInputEvents = YES;
				INFOPLIST_KEY_UILaunchStoryboardName = LaunchScreen;
				INFOPLIST_KEY_UIMainStoryboardFile = Main;
				INFOPLIST_KEY_UISupportedInterfaceOrientations_iPad = "UIInterfaceOrientationPortrait UIInterfaceOrientationPortraitUpsideDown UIInterfaceOrientationLandscapeLeft UIInterfaceOrientationLandscapeRight";
				INFOPLIST_KEY_UISupportedInterfaceOrientations_iPhone = "UIInterfaceOrientationPortrait UIInterfaceOrientationLandscapeLeft UIInterfaceOrientationLandscapeRight";
				LD_RUNPATH_SEARCH_PATHS = (
					"$(inherited)",
					"@executable_path/Frameworks",
				);
				MARKETING_VERSION = 1.0;
				PRODUCT_BUNDLE_IDENTIFIER = com.ryujiapp.chatApp;
				PRODUCT_NAME = "$(TARGET_NAME)";
				SWIFT_EMIT_LOC_STRINGS = YES;
				SWIFT_VERSION = 5.0;
				TARGETED_DEVICE_FAMILY = "1,2";
			};
			name = Debug;
		};
		B7BAB1D52AADE1D200D50D9C /* Release */ = {
			isa = XCBuildConfiguration;
			baseConfigurationReference = D759182F0343EAAA093662C8 /* Pods-chatApp.release.xcconfig */;
			buildSettings = {
				ASSETCATALOG_COMPILER_APPICON_NAME = AppIcon;
				ASSETCATALOG_COMPILER_GLOBAL_ACCENT_COLOR_NAME = AccentColor;
				CODE_SIGN_STYLE = Automatic;
				CURRENT_PROJECT_VERSION = 1;
				DEVELOPMENT_TEAM = FJVWD9ZV84;
				GENERATE_INFOPLIST_FILE = YES;
				INFOPLIST_FILE = chatApp/Info.plist;
				INFOPLIST_KEY_UIApplicationSupportsIndirectInputEvents = YES;
				INFOPLIST_KEY_UILaunchStoryboardName = LaunchScreen;
				INFOPLIST_KEY_UIMainStoryboardFile = Main;
				INFOPLIST_KEY_UISupportedInterfaceOrientations_iPad = "UIInterfaceOrientationPortrait UIInterfaceOrientationPortraitUpsideDown UIInterfaceOrientationLandscapeLeft UIInterfaceOrientationLandscapeRight";
				INFOPLIST_KEY_UISupportedInterfaceOrientations_iPhone = "UIInterfaceOrientationPortrait UIInterfaceOrientationLandscapeLeft UIInterfaceOrientationLandscapeRight";
				LD_RUNPATH_SEARCH_PATHS = (
					"$(inherited)",
					"@executable_path/Frameworks",
				);
				MARKETING_VERSION = 1.0;
				PRODUCT_BUNDLE_IDENTIFIER = com.ryujiapp.chatApp;
				PRODUCT_NAME = "$(TARGET_NAME)";
				SWIFT_EMIT_LOC_STRINGS = YES;
				SWIFT_VERSION = 5.0;
				TARGETED_DEVICE_FAMILY = "1,2";
			};
			name = Release;
		};
/* End XCBuildConfiguration section */

/* Begin XCConfigurationList section */
		B7BAB1BA2AADE1C800D50D9C /* Build configuration list for PBXProject "chatApp" */ = {
			isa = XCConfigurationList;
			buildConfigurations = (
				B7BAB1D12AADE1D200D50D9C /* Debug */,
				B7BAB1D22AADE1D200D50D9C /* Release */,
			);
			defaultConfigurationIsVisible = 0;
			defaultConfigurationName = Release;
		};
		B7BAB1D32AADE1D200D50D9C /* Build configuration list for PBXNativeTarget "chatApp" */ = {
			isa = XCConfigurationList;
			buildConfigurations = (
				B7BAB1D42AADE1D200D50D9C /* Debug */,
				B7BAB1D52AADE1D200D50D9C /* Release */,
			);
			defaultConfigurationIsVisible = 0;
			defaultConfigurationName = Release;
		};
/* End XCConfigurationList section */
	};
	rootObject = B7BAB1B72AADE1C800D50D9C /* Project object */;
}
